
Microsoft Visual Studio Solution File, Format Version 12.00
# Visual Studio 2012
Project("{FAE04EC0-301F-11D3-BF4B-00C04F79EFBC}") = "Musoftware Process Hacker", "Musoftware Process Hacker\Musoftware Process Hacker.csproj", "{77C6C778-0A20-48AA-A7C4-DF4E56AFE32D}"
EndProject
Project("{F184B08F-C81C-45F6-A57F-5ABD9991F28F}") = "GetObject", "GetObject\GetObject.vbproj", "{661A3932-DC19-4FC7-92F9-DD71C4C5EB6D}"
EndProject
Global
	GlobalSection(SolutionConfigurationPlatforms) = preSolution
		Debug|Any CPU = Debug|Any CPU
		Release|Any CPU = Release|Any CPU
	EndGlobalSection
	GlobalSection(ProjectConfigurationPlatforms) = postSolution
		{661A3932-DC19-4FC7-92F9-DD71C4C5EB6D}.Debug|Any CPU.ActiveCfg = Debug|Any CPU
		{661A3932-DC19-4FC7-92F9-DD71C4C5EB6D}.Debug|Any CPU.Build.0 = Debug|Any CPU
		{661A3932-DC19-4FC7-92F9-DD71C4C5EB6D}.Release|Any CPU.ActiveCfg = Release|Any CPU
		{661A3932-DC19-4FC7-92F9-DD71C4C5EB6D}.Release|Any CPU.Build.0 = Release|Any CPU
		{77C6C778-0A20-48AA-A7C4-DF4E56AFE32D}.Debug|Any CPU.ActiveCfg = Debug|Any CPU
		{77C6C778-0A20-48AA-A7C4-DF4E56AFE32D}.Debug|Any CPU.Build.0 = Debug|Any CPU
		{77C6C778-0A20-48AA-A7C4-DF4E56AFE32D}.Release|Any CPU.ActiveCfg = Release|Any CPU
		{77C6C778-0A20-48AA-A7C4-DF4E56AFE32D}.Release|Any CPU.Build.0 = Release|Any CPU
	EndGlobalSection
	GlobalSection(SolutionProperties) = preSolution
		HideSolutionNode = FALSE
	EndGlobalSection
EndGlobal
